
Microsoft Visual Studio Solution File, Format Version 12.00
# Visual Studio Version 16
VisualStudioVersion = 16.0.31005.135
MinimumVisualStudioVersion = 10.0.40219.1
Project("{FAE04EC0-301F-11D3-BF4B-00C04F79EFBC}") = "university-binary-tree", "university-binary-tree\university-binary-tree.csproj", "{AEEBF0EB-E6C8-487C-B571-462EF016AF95}"
EndProject
Global
	GlobalSection(SolutionConfigurationPlatforms) = preSolution
		Debug|Any CPU = Debug|Any CPU
		Release|Any CPU = Release|Any CPU
	EndGlobalSection
	GlobalSection(ProjectConfigurationPlatforms) = postSolution
		{AEEBF0EB-E6C8-487C-B571-462EF016AF95}.Debug|Any CPU.ActiveCfg = Debug|Any CPU
		{AEEBF0EB-E6C8-487C-B571-462EF016AF95}.Debug|Any CPU.Build.0 = Debug|Any CPU
		{AEEBF0EB-E6C8-487C-B571-462EF016AF95}.Release|Any CPU.ActiveCfg = Release|Any CPU
		{AEEBF0EB-E6C8-487C-B571-462EF016AF95}.Release|Any CPU.Build.0 = Release|Any CPU
	EndGlobalSection
	GlobalSection(SolutionProperties) = preSolution
		HideSolutionNode = FALSE
	EndGlobalSection
	GlobalSection(ExtensibilityGlobals) = postSolution
		SolutionGuid = {441D598E-B130-4EE6-9C50-37FC4E7C9AB6}
	EndGlobalSection
EndGlobal
